
Microsoft Visual Studio Solution File, Format Version 12.00
# Visual Studio 14
VisualStudioVersion = 14.0.25420.1
MinimumVisualStudioVersion = 10.0.40219.1
Project("{2150E333-8FDC-42A3-9474-1A3956D46DE8}") = "Branches", "Branches", "{223B5952-8B8A-4FBC-835E-E3D49554CD03}"
EndProject
Project("{2150E333-8FDC-42A3-9474-1A3956D46DE8}") = "Services", "Services", "{493181A1-A42A-4887-94A7-0626FC91EC99}"
EndProject
Project("{2150E333-8FDC-42A3-9474-1A3956D46DE8}") = "HelperLib", "HelperLib", "{B5D03C16-5BA0-4F29-9D78-8A5C8C3F8118}"
EndProject
Project("{2150E333-8FDC-42A3-9474-1A3956D46DE8}") = "ServiceInterface", "ServiceInterface", "{785EAED2-DCF9-42BC-9C43-D884B196E273}"
EndProject
Project("{2150E333-8FDC-42A3-9474-1A3956D46DE8}") = "Clients", "Clients", "{4D041AC5-1F96-41ED-9A85-112B4575EF59}"
EndProject
Global
	GlobalSection(SolutionProperties) = preSolution
		HideSolutionNode = FALSE
	EndGlobalSection
EndGlobal
